
Microsoft Visual Studio Solution File, Format Version 12.00
# Visual Studio 14
VisualStudioVersion = 14.0.25420.1
MinimumVisualStudioVersion = 10.0.40219.1
Project("{FAE04EC0-301F-11D3-BF4B-00C04F79EFBC}") = "Magicodes.Tasks", "Magicodes.Tasks.csproj", "{BBFB0506-8AE5-49F1-A00F-ED6BF12E8A19}"
EndProject
Project("{FAE04EC0-301F-11D3-BF4B-00C04F79EFBC}") = "Magicodes.Tasks.Test", "Magicodes.Tasks.Test\Magicodes.Tasks.Test.csproj", "{35266DAE-5C17-48D3-821F-44E6F7A7280C}"
EndProject
Global
	GlobalSection(SolutionConfigurationPlatforms) = preSolution
		Debug|Any CPU = Debug|Any CPU
		Release|Any CPU = Release|Any CPU
	EndGlobalSection
	GlobalSection(ProjectConfigurationPlatforms) = postSolution
		{BBFB0506-8AE5-49F1-A00F-ED6BF12E8A19}.Debug|Any CPU.ActiveCfg = Debug|Any CPU
		{BBFB0506-8AE5-49F1-A00F-ED6BF12E8A19}.Debug|Any CPU.Build.0 = Debug|Any CPU
		{BBFB0506-8AE5-49F1-A00F-ED6BF12E8A19}.Release|Any CPU.ActiveCfg = Release|Any CPU
		{BBFB0506-8AE5-49F1-A00F-ED6BF12E8A19}.Release|Any CPU.Build.0 = Release|Any CPU
		{35266DAE-5C17-48D3-821F-44E6F7A7280C}.Debug|Any CPU.ActiveCfg = Debug|Any CPU
		{35266DAE-5C17-48D3-821F-44E6F7A7280C}.Debug|Any CPU.Build.0 = Debug|Any CPU
		{35266DAE-5C17-48D3-821F-44E6F7A7280C}.Release|Any CPU.ActiveCfg = Release|Any CPU
		{35266DAE-5C17-48D3-821F-44E6F7A7280C}.Release|Any CPU.Build.0 = Release|Any CPU
	EndGlobalSection
	GlobalSection(SolutionProperties) = preSolution
		HideSolutionNode = FALSE
	EndGlobalSection
EndGlobal
